
Microsoft Visual Studio Solution File, Format Version 12.00
# RemObjects Fire
Project("{656346D9-4656-40DA-A068-22D5425D4639}") = "WorkerServiceConsoleApplication", "WorkerServiceConsoleApplication.elements", "{B9B3ADB9-E987-4B6C-8630-DB7AE7622AB4}"
EndProject
Global
	GlobalSection(SolutionConfigurationPlatforms) = preSolution
		Debug|AnyCPU = Debug|AnyCPU
		Release|AnyCPU = Release|AnyCPU
	EndGlobalSection
	GlobalSection(ProjectConfigurationPlatforms) = postSolution
		{B9B3ADB9-E987-4B6C-8630-DB7AE7622AB4}.Debug|AnyCPU.ActiveCfg = Debug|AnyCPU
		{B9B3ADB9-E987-4B6C-8630-DB7AE7622AB4}.Debug|AnyCPU.Build.0 = Debug|AnyCPU
		{B9B3ADB9-E987-4B6C-8630-DB7AE7622AB4}.Release|AnyCPU.ActiveCfg = Release|AnyCPU
		{B9B3ADB9-E987-4B6C-8630-DB7AE7622AB4}.Release|AnyCPU.Build.0 = Release|AnyCPU
	EndGlobalSection
	GlobalSection(SolutionProperties) = preSolution
		HideSolutionNode = FALSE
	EndGlobalSection
EndGlobal